Microsoft Visual Studio Solution File, Format Version 12.00
# Visual Studio Version 17
VisualStudioVersion = 17.5.2.0
MinimumVisualStudioVersion = 10.0.40219.1
Project("{FAE04EC0-301F-11D3-BF4B-00C04F79EFBC}") = "HFA.DevTools", "HFA.DevTools.csproj", "{D819D152-8114-567A-B94D-76CB7A472830}"
EndProject
Global
	GlobalSection(SolutionConfigurationPlatforms) = preSolution
		Debug|Any CPU = Debug|Any CPU
		Release|Any CPU = Release|Any CPU
	EndGlobalSection
	GlobalSection(ProjectConfigurationPlatforms) = postSolution
		{D819D152-8114-567A-B94D-76CB7A472830}.Debug|Any CPU.ActiveCfg = Debug|Any CPU
		{D819D152-8114-567A-B94D-76CB7A472830}.Debug|Any CPU.Build.0 = Debug|Any CPU
		{D819D152-8114-567A-B94D-76CB7A472830}.Release|Any CPU.ActiveCfg = Release|Any CPU
		{D819D152-8114-567A-B94D-76CB7A472830}.Release|Any CPU.Build.0 = Release|Any CPU
	EndGlobalSection
	GlobalSection(SolutionProperties) = preSolution
		HideSolutionNode = FALSE
	EndGlobalSection
	GlobalSection(ExtensibilityGlobals) = postSolution
		SolutionGuid = {4C37E627-38E4-4FD9-BC8B-73174B1985DE}
	EndGlobalSection
EndGlobal
